// !$*UTF8*$!
{
	archiveVersion = 1;
	classes = {
	};
	objectVersion = 55;
	objects = {

/* Begin PBXBuildFile section */
		C57460742787CD4100289585 /* fmt.c in Sources */ = {isa = PBXBuildFile; fileRef = C57460732787CD4100289585 /* fmt.c */; };
		C596A4AF2787DD59004F93B9 /* nlist.c in Sources */ = {isa = PBXBuildFile; fileRef = C596A4AE2787DD59004F93B9 /* nlist.c */; };
		C596A4B52787DE80004F93B9 /* tasks.c in Sources */ = {isa = PBXBuildFile; fileRef = C596A4B42787DE80004F93B9 /* tasks.c */; };
		C596A4B92787DF97004F93B9 /* ps.c in Sources */ = {isa = PBXBuildFile; fileRef = C596A4B82787DF97004F93B9 /* ps.c */; };
		C596A4BB2787DFAC004F93B9 /* print.c in Sources */ = {isa = PBXBuildFile; fileRef = C596A4BA2787DFAC004F93B9 /* print.c */; };
		C596A4BD2787DFD9004F93B9 /* keyword.c in Sources */ = {isa = PBXBuildFile; fileRef = C596A4BC2787DFD9004F93B9 /* keyword.c */; };
/* End PBXBuildFile section */

/* Begin PBXCopyFilesBuildPhase section */
		C57460652787CCF100289585 /* CopyFiles */ = {
			isa = PBXCopyFilesBuildPhase;
			buildActionMask = 2147483647;
			dstPath = /usr/share/man/man1/;
			dstSubfolderSpec = 0;
			files = (
			);
			runOnlyForDeploymentPostprocessing = 1;
		};
/* End PBXCopyFilesBuildPhase section */

/* Begin PBXFileReference section */
		C57460672787CCF100289585 /* ps */ = {isa = PBXFileReference; explicitFileType = "compiled.mach-o.executable"; includeInIndex = 0; path = ps; sourceTree = BUILT_PRODUCTS_DIR; };
		C57460712787CD1400289585 /* extern.h */ = {isa = PBXFileReference; lastKnownFileType = sourcecode.c.h; path = extern.h; sourceTree = "<group>"; };
		C57460722787CD2700289585 /* ps.h */ = {isa = PBXFileReference; lastKnownFileType = sourcecode.c.h; path = ps.h; sourceTree = "<group>"; };
		C57460732787CD4100289585 /* fmt.c */ = {isa = PBXFileReference; fileEncoding = 4; lastKnownFileType = sourcecode.c.c; path = fmt.c; sourceTree = "<group>"; };
		C596A4AE2787DD59004F93B9 /* nlist.c */ = {isa = PBXFileReference; fileEncoding = 4; lastKnownFileType = sourcecode.c.c; path = nlist.c; sourceTree = "<group>"; };
		C596A4B42787DE80004F93B9 /* tasks.c */ = {isa = PBXFileReference; fileEncoding = 4; lastKnownFileType = sourcecode.c.c; name = tasks.c; path = "../../../OpenSource/Apple/adv_cmds-adv_cmds-176.100.1/ps/tasks.c"; sourceTree = "<group>"; };
		C596A4B82787DF97004F93B9 /* ps.c */ = {isa = PBXFileReference; fileEncoding = 4; lastKnownFileType = sourcecode.c.c; path = ps.c; sourceTree = "<group>"; };
		C596A4BA2787DFAC004F93B9 /* print.c */ = {isa = PBXFileReference; fileEncoding = 4; lastKnownFileType = sourcecode.c.c; path = print.c; sourceTree = "<group>"; };
		C596A4BC2787DFD9004F93B9 /* keyword.c */ = {isa = PBXFileReference; fileEncoding = 4; lastKnownFileType = sourcecode.c.c; path = keyword.c; sourceTree = "<group>"; };
/* End PBXFileReference section */

/* Begin PBXFrameworksBuildPhase section */
		C57460642787CCF100289585 /* Frameworks */ = {
			isa = PBXFrameworksBuildPhase;
			buildActionMask = 2147483647;
			files = (
			);
			runOnlyForDeploymentPostprocessing = 0;
		};
/* End PBXFrameworksBuildPhase section */

/* Begin PBXGroup section */
		C574605E2787CCF100289585 = {
			isa = PBXGroup;
			children = (
				C57460692787CCF100289585 /* ps */,
				C57460682787CCF100289585 /* Products */,
			);
			sourceTree = "<group>";
		};
		C57460682787CCF100289585 /* Products */ = {
			isa = PBXGroup;
			children = (
				C57460672787CCF100289585 /* ps */,
			);
			name = Products;
			sourceTree = "<group>";
		};
		C57460692787CCF100289585 /* ps */ = {
			isa = PBXGroup;
			children = (
				C57460732787CD4100289585 /* fmt.c */,
				C596A4BC2787DFD9004F93B9 /* keyword.c */,
				C596A4AE2787DD59004F93B9 /* nlist.c */,
				C596A4B42787DE80004F93B9 /* tasks.c */,
				C596A4BA2787DFAC004F93B9 /* print.c */,
				C596A4B82787DF97004F93B9 /* ps.c */,
				C57460722787CD2700289585 /* ps.h */,
				C57460712787CD1400289585 /* extern.h */,
			);
			path = ps;
			sourceTree = "<group>";
		};
/* End PBXGroup section */

/* Begin PBXNativeTarget section */
		C57460662787CCF100289585 /* ps */ = {
			isa = PBXNativeTarget;
			buildConfigurationList = C574606E2787CCF100289585 /* Build configuration list for PBXNativeTarget "ps" */;
			buildPhases = (
				C57460632787CCF100289585 /* Sources */,
				C57460642787CCF100289585 /* Frameworks */,
				C57460652787CCF100289585 /* CopyFiles */,
			);
			buildRules = (
			);
			dependencies = (
			);
			name = ps;
			productName = ps;
			productReference = C57460672787CCF100289585 /* ps */;
			productType = "com.apple.product-type.tool";
		};
/* End PBXNativeTarget section */

/* Begin PBXProject section */
		C574605F2787CCF100289585 /* Project object */ = {
			isa = PBXProject;
			attributes = {
				BuildIndependentTargetsInParallel = 1;
				LastUpgradeCheck = 1320;
				TargetAttributes = {
					C57460662787CCF100289585 = {
						CreatedOnToolsVersion = 13.2;
					};
				};
			};
			buildConfigurationList = C57460622787CCF100289585 /* Build configuration list for PBXProject "ps" */;
			compatibilityVersion = "Xcode 13.0";
			developmentRegion = en;
			hasScannedForEncodings = 0;
			knownRegions = (
				en,
				Base,
			);
			mainGroup = C574605E2787CCF100289585;
			productRefGroup = C57460682787CCF100289585 /* Products */;
			projectDirPath = "";
			projectRoot = "";
			targets = (
				C57460662787CCF100289585 /* ps */,
			);
		};
/* End PBXProject section */

/* Begin PBXSourcesBuildPhase section */
		C57460632787CCF100289585 /* Sources */ = {
			isa = PBXSourcesBuildPhase;
			buildActionMask = 2147483647;
			files = (
				C596A4AF2787DD59004F93B9 /* nlist.c in Sources */,
				C596A4B52787DE80004F93B9 /* tasks.c in Sources */,
				C596A4BB2787DFAC004F93B9 /* print.c in Sources */,
				C596A4BD2787DFD9004F93B9 /* keyword.c in Sources */,
				C57460742787CD4100289585 /* fmt.c in Sources */,
				C596A4B92787DF97004F93B9 /* ps.c in Sources */,
			);
			runOnlyForDeploymentPostprocessing = 0;
		};
/* End PBXSourcesBuildPhase section */

/* Begin XCBuildConfiguration section */
		C574606C2787CCF100289585 /* Debug */ = {
			isa = XCBuildConfiguration;
			buildSettings = {
				ALWAYS_SEARCH_USER_PATHS = NO;
				CLANG_ANALYZER_NONNULL = YES;
				CLANG_ANALYZER_NUMBER_OBJECT_CONVERSION = YES_AGGRESSIVE;
				CLANG_CXX_LANGUAGE_STANDARD = "gnu++17";
				CLANG_CXX_LIBRARY = "libc++";
				CLANG_ENABLE_MODULES = YES;
				CLANG_ENABLE_OBJC_ARC = YES;
				CLANG_ENABLE_OBJC_WEAK = YES;
				CLANG_WARN_BLOCK_CAPTURE_AUTORELEASING = YES;
				CLANG_WARN_BOOL_CONVERSION = YES;
				CLANG_WARN_COMMA = YES;
				CLANG_WARN_CONSTANT_CONVERSION = YES;
				CLANG_WARN_DEPRECATED_OBJC_IMPLEMENTATIONS = YES;
				CLANG_WARN_DIRECT_OBJC_ISA_USAGE = YES_ERROR;
				CLANG_WARN_DOCUMENTATION_COMMENTS = YES;
				CLANG_WARN_EMPTY_BODY = YES;
				CLANG_WARN_ENUM_CONVERSION = YES;
				CLANG_WARN_INFINITE_RECURSION = YES;
				CLANG_WARN_INT_CONVERSION = YES;
				CLANG_WARN_NON_LITERAL_NULL_CONVERSION = YES;
				CLANG_WARN_OBJC_IMPLICIT_RETAIN_SELF = YES;
				CLANG_WARN_OBJC_LITERAL_CONVERSION = YES;
				CLANG_WARN_OBJC_ROOT_CLASS = YES_ERROR;
				CLANG_WARN_QUOTED_INCLUDE_IN_FRAMEWORK_HEADER = YES;
				CLANG_WARN_RANGE_LOOP_ANALYSIS = YES;
				CLANG_WARN_STRICT_PROTOTYPES = YES;
				CLANG_WARN_SUSPICIOUS_MOVE = YES;
				CLANG_WARN_UNGUARDED_AVAILABILITY = YES_AGGRESSIVE;
				CLANG_WARN_UNREACHABLE_CODE = YES;
				CLANG_WARN__DUPLICATE_METHOD_MATCH = YES;
				COPY_PHASE_STRIP = NO;
				DEBUG_INFORMATION_FORMAT = dwarf;
				ENABLE_STRICT_OBJC_MSGSEND = YES;
				ENABLE_TESTABILITY = YES;
				GCC_C_LANGUAGE_STANDARD = gnu11;
				GCC_DYNAMIC_NO_PIC = NO;
				GCC_NO_COMMON_BLOCKS = YES;
				GCC_OPTIMIZATION_LEVEL = 0;
				GCC_PREPROCESSOR_DEFINITIONS = (
					"DEBUG=1",
					"$(inherited)",
				);
				GCC_WARN_64_TO_32_BIT_CONVERSION = YES;
				GCC_WARN_ABOUT_RETURN_TYPE = YES_ERROR;
				GCC_WARN_UNDECLARED_SELECTOR = YES;
				GCC_WARN_UNINITIALIZED_AUTOS = YES_AGGRESSIVE;
				GCC_WARN_UNUSED_FUNCTION = YES;
				GCC_WARN_UNUSED_VARIABLE = YES;
				MACOSX_DEPLOYMENT_TARGET = 11.6;
				MTL_ENABLE_DEBUG_INFO = INCLUDE_SOURCE;
				MTL_FAST_MATH = YES;
				ONLY_ACTIVE_ARCH = YES;
				SDKROOT = macosx;
			};
			name = Debug;
		};
		C574606D2787CCF100289585 /* Release */ = {
			isa = XCBuildConfiguration;
			buildSettings = {
				ALWAYS_SEARCH_USER_PATHS = NO;
				CLANG_ANALYZER_NONNULL = YES;
				CLANG_ANALYZER_NUMBER_OBJECT_CONVERSION = YES_AGGRESSIVE;
				CLANG_CXX_LANGUAGE_STANDARD = "gnu++17";
				CLANG_CXX_LIBRARY = "libc++";
				CLANG_ENABLE_MODULES = YES;
				CLANG_ENABLE_OBJC_ARC = YES;
				CLANG_ENABLE_OBJC_WEAK = YES;
				CLANG_WARN_BLOCK_CAPTURE_AUTORELEASING = YES;
				CLANG_WARN_BOOL_CONVERSION = YES;
				CLANG_WARN_COMMA = YES;
				CLANG_WARN_CONSTANT_CONVERSION = YES;
				CLANG_WARN_DEPRECATED_OBJC_IMPLEMENTATIONS = YES;
				CLANG_WARN_DIRECT_OBJC_ISA_USAGE = YES_ERROR;
				CLANG_WARN_DOCUMENTATION_COMMENTS = YES;
				CLANG_WARN_EMPTY_BODY = YES;
				CLANG_WARN_ENUM_CONVERSION = YES;
				CLANG_WARN_INFINITE_RECURSION = YES;
				CLANG_WARN_INT_CONVERSION = YES;
				CLANG_WARN_NON_LITERAL_NULL_CONVERSION = YES;
				CLANG_WARN_OBJC_IMPLICIT_RETAIN_SELF = YES;
				CLANG_WARN_OBJC_LITERAL_CONVERSION = YES;
				CLANG_WARN_OBJC_ROOT_CLASS = YES_ERROR;
				CLANG_WARN_QUOTED_INCLUDE_IN_FRAMEWORK_HEADER = YES;
				CLANG_WARN_RANGE_LOOP_ANALYSIS = YES;
				CLANG_WARN_STRICT_PROTOTYPES = YES;
				CLANG_WARN_SUSPICIOUS_MOVE = YES;
				CLANG_WARN_UNGUARDED_AVAILABILITY = YES_AGGRESSIVE;
				CLANG_WARN_UNREACHABLE_CODE = YES;
				CLANG_WARN__DUPLICATE_METHOD_MATCH = YES;
				COPY_PHASE_STRIP = NO;
				DEBUG_INFORMATION_FORMAT = "dwarf-with-dsym";
				ENABLE_NS_ASSERTIONS = NO;
				ENABLE_STRICT_OBJC_MSGSEND = YES;
				GCC_C_LANGUAGE_STANDARD = gnu11;
				GCC_NO_COMMON_BLOCKS = YES;
				GCC_WARN_64_TO_32_BIT_CONVERSION = YES;
				GCC_WARN_ABOUT_RETURN_TYPE = YES_ERROR;
				GCC_WARN_UNDECLARED_SELECTOR = YES;
				GCC_WARN_UNINITIALIZED_AUTOS = YES_AGGRESSIVE;
				GCC_WARN_UNUSED_FUNCTION = YES;
				GCC_WARN_UNUSED_VARIABLE = YES;
				MACOSX_DEPLOYMENT_TARGET = 11.6;
				MTL_ENABLE_DEBUG_INFO = NO;
				MTL_FAST_MATH = YES;
				SDKROOT = macosx;
			};
			name = Release;
		};
		C574606F2787CCF100289585 /* Debug */ = {
			isa = XCBuildConfiguration;
			buildSettings = {
				CODE_SIGN_STYLE = Automatic;
				DEVELOPMENT_TEAM = YYE5WQ4M88;
				ENABLE_HARDENED_RUNTIME = YES;
				PRODUCT_NAME = "$(TARGET_NAME)";
			};
			name = Debug;
		};
		C57460702787CCF100289585 /* Release */ = {
			isa = XCBuildConfiguration;
			buildSettings = {
				CODE_SIGN_STYLE = Automatic;
				DEVELOPMENT_TEAM = YYE5WQ4M88;
				ENABLE_HARDENED_RUNTIME = YES;
				PRODUCT_NAME = "$(TARGET_NAME)";
			};
			name = Release;
		};
/* End XCBuildConfiguration section */

/* Begin XCConfigurationList section */
		C57460622787CCF100289585 /* Build configuration list for PBXProject "ps" */ = {
			isa = XCConfigurationList;
			buildConfigurations = (
				C574606C2787CCF100289585 /* Debug */,
				C574606D2787CCF100289585 /* Release */,
			);
			defaultConfigurationIsVisible = 0;
			defaultConfigurationName = Release;
		};
		C574606E2787CCF100289585 /* Build configuration list for PBXNativeTarget "ps" */ = {
			isa = XCConfigurationList;
			buildConfigurations = (
				C574606F2787CCF100289585 /* Debug */,
				C57460702787CCF100289585 /* Release */,
			);
			defaultConfigurationIsVisible = 0;
			defaultConfigurationName = Release;
		};
/* End XCConfigurationList section */
	};
	rootObject = C574605F2787CCF100289585 /* Project object */;
}
